{
  "requires": true,
  "lockfileVersion": 1,
  "dependencies": {
    "cordova-plugin-battery-status": {
      "version": "1.2.5",
      "resolved": "https://registry.npmjs.org/cordova-plugin-battery-status/-/cordova-plugin-battery-status-1.2.5.tgz",
      "integrity": "sha1-bGSPmzz1qwNLlcXP/lhPVXbULKk="
    }
  }
}
